// !$*UTF8*$!
{
	archiveVersion = 1;
	classes = {
	};
	objectVersion = 46;
	objects = {

/* Begin PBXBuildFile section */
		456BD5A714C0AAE800E11001 /* PaymentObject.m in Sources */ = {isa = PBXBuildFile; fileRef = 456BD5A614C0AAE800E11001 /* PaymentObject.m */; };
		45804C8B14C07FAF005D911D /* UIKit.framework in Frameworks */ = {isa = PBXBuildFile; fileRef = 45804C8A14C07FAF005D911D /* UIKit.framework */; };
		45804C8D14C07FAF005D911D /* Foundation.framework in Frameworks */ = {isa = PBXBuildFile; fileRef = 45804C8C14C07FAF005D911D /* Foundation.framework */; };
		45804C8F14C07FAF005D911D /* CoreGraphics.framework in Frameworks */ = {isa = PBXBuildFile; fileRef = 45804C8E14C07FAF005D911D /* CoreGraphics.framework */; };
		45804C9514C07FAF005D911D /* InfoPlist.strings in Resources */ = {isa = PBXBuildFile; fileRef = 45804C9314C07FAF005D911D /* InfoPlist.strings */; };
		45804C9714C07FAF005D911D /* main.m in Sources */ = {isa = PBXBuildFile; fileRef = 45804C9614C07FAF005D911D /* main.m */; };
		45804C9B14C07FAF005D911D /* AppDelegate.m in Sources */ = {isa = PBXBuildFile; fileRef = 45804C9A14C07FAF005D911D /* AppDelegate.m */; };
		45C7DE4214C0802C00B47884 /* EnterDataViewController.m in Sources */ = {isa = PBXBuildFile; fileRef = 45C7DE4014C0802C00B47884 /* EnterDataViewController.m */; };
		45C7DE4314C0802C00B47884 /* EnterDataViewController.xib in Resources */ = {isa = PBXBuildFile; fileRef = 45C7DE4114C0802C00B47884 /* EnterDataViewController.xib */; };
		45C7DE4814C08AD000B47884 /* SettingsViewController.m in Sources */ = {isa = PBXBuildFile; fileRef = 45C7DE4614C08AD000B47884 /* SettingsViewController.m */; };
		45C7DE4914C08AD000B47884 /* SettingsViewController.xib in Resources */ = {isa = PBXBuildFile; fileRef = 45C7DE4714C08AD000B47884 /* SettingsViewController.xib */; };
		45E7A0BE14C08CB7008985C5 /* HistoryViewController.m in Sources */ = {isa = PBXBuildFile; fileRef = 45E7A0BC14C08CB7008985C5 /* HistoryViewController.m */; };
		45E7A0BF14C08CB7008985C5 /* HistoryViewController.xib in Resources */ = {isa = PBXBuildFile; fileRef = 45E7A0BD14C08CB7008985C5 /* HistoryViewController.xib */; };
		45E7A0C314C08CD2008985C5 /* TotalsViewController.m in Sources */ = {isa = PBXBuildFile; fileRef = 45E7A0C114C08CD2008985C5 /* TotalsViewController.m */; };
		45E7A0C414C08CD2008985C5 /* TotalsViewController.xib in Resources */ = {isa = PBXBuildFile; fileRef = 45E7A0C214C08CD2008985C5 /* TotalsViewController.xib */; };
		45E7A0C814C08CE1008985C5 /* HelpViewController.m in Sources */ = {isa = PBXBuildFile; fileRef = 45E7A0C614C08CE1008985C5 /* HelpViewController.m */; };
		45E7A0C914C08CE1008985C5 /* HelpViewController.xib in Resources */ = {isa = PBXBuildFile; fileRef = 45E7A0C714C08CE1008985C5 /* HelpViewController.xib */; };
		45E7A28014C0953D008985C5 /* icn_tabbaradd.png in Resources */ = {isa = PBXBuildFile; fileRef = 45E7A1B414C0953D008985C5 /* icn_tabbaradd.png */; };
		45E7A28114C0953D008985C5 /* icn_tabbarhelp.png in Resources */ = {isa = PBXBuildFile; fileRef = 45E7A1B514C0953D008985C5 /* icn_tabbarhelp.png */; };
		45E7A28214C0953D008985C5 /* icn_tabbarhistory.png in Resources */ = {isa = PBXBuildFile; fileRef = 45E7A1B614C0953D008985C5 /* icn_tabbarhistory.png */; };
		45E7A28314C0953D008985C5 /* icn_tabbarsettings.png in Resources */ = {isa = PBXBuildFile; fileRef = 45E7A1B714C0953D008985C5 /* icn_tabbarsettings.png */; };
		45E7A28414C0953D008985C5 /* icn_tabbartotals.png in Resources */ = {isa = PBXBuildFile; fileRef = 45E7A1B814C0953D008985C5 /* icn_tabbartotals.png */; };
		45E7A28714C09696008985C5 /* PersonObject.m in Sources */ = {isa = PBXBuildFile; fileRef = 45E7A28614C09696008985C5 /* PersonObject.m */; };
		45E7A28B14C09970008985C5 /* NewPersonViewController.m in Sources */ = {isa = PBXBuildFile; fileRef = 45E7A28914C0996F008985C5 /* NewPersonViewController.m */; };
		45E7A28C14C09970008985C5 /* NewPersonViewController.xib in Resources */ = {isa = PBXBuildFile; fileRef = 45E7A28A14C0996F008985C5 /* NewPersonViewController.xib */; };
/* End PBXBuildFile section */

/* Begin PBXFileReference section */
		456BD5A514C0AAE800E11001 /* PaymentObject.h */ = {isa = PBXFileReference; fileEncoding = 4; lastKnownFileType = sourcecode.c.h; path = PaymentObject.h; sourceTree = "<group>"; };
		456BD5A614C0AAE800E11001 /* PaymentObject.m */ = {isa = PBXFileReference; fileEncoding = 4; lastKnownFileType = sourcecode.c.objc; path = PaymentObject.m; sourceTree = "<group>"; };
		45804C8614C07FAF005D911D /* Money Travels.app */ = {isa = PBXFileReference; explicitFileType = wrapper.application; includeInIndex = 0; path = "Money Travels.app"; sourceTree = BUILT_PRODUCTS_DIR; };
		45804C8A14C07FAF005D911D /* UIKit.framework */ = {isa = PBXFileReference; lastKnownFileType = wrapper.framework; name = UIKit.framework; path = System/Library/Frameworks/UIKit.framework; sourceTree = SDKROOT; };
		45804C8C14C07FAF005D911D /* Foundation.framework */ = {isa = PBXFileReference; lastKnownFileType = wrapper.framework; name = Foundation.framework; path = System/Library/Frameworks/Foundation.framework; sourceTree = SDKROOT; };
		45804C8E14C07FAF005D911D /* CoreGraphics.framework */ = {isa = PBXFileReference; lastKnownFileType = wrapper.framework; name = CoreGraphics.framework; path = System/Library/Frameworks/CoreGraphics.framework; sourceTree = SDKROOT; };
		45804C9214C07FAF005D911D /* Money Travels-Info.plist */ = {isa = PBXFileReference; lastKnownFileType = text.plist.xml; path = "Money Travels-Info.plist"; sourceTree = "<group>"; };
		45804C9414C07FAF005D911D /* en */ = {isa = PBXFileReference; lastKnownFileType = text.plist.strings; name = en; path = en.lproj/InfoPlist.strings; sourceTree = "<group>"; };
		45804C9614C07FAF005D911D /* main.m */ = {isa = PBXFileReference; lastKnownFileType = sourcecode.c.objc; path = main.m; sourceTree = "<group>"; };
		45804C9814C07FAF005D911D /* Money Travels-Prefix.pch */ = {isa = PBXFileReference; lastKnownFileType = sourcecode.c.h; path = "Money Travels-Prefix.pch"; sourceTree = "<group>"; };
		45804C9914C07FAF005D911D /* AppDelegate.h */ = {isa = PBXFileReference; lastKnownFileType = sourcecode.c.h; path = AppDelegate.h; sourceTree = "<group>"; };
		45804C9A14C07FAF005D911D /* AppDelegate.m */ = {isa = PBXFileReference; lastKnownFileType = sourcecode.c.objc; path = AppDelegate.m; sourceTree = "<group>"; };
		45C7DE3F14C0802C00B47884 /* EnterDataViewController.h */ = {isa = PBXFileReference; fileEncoding = 4; lastKnownFileType = sourcecode.c.h; path = EnterDataViewController.h; sourceTree = "<group>"; };
		45C7DE4014C0802C00B47884 /* EnterDataViewController.m */ = {isa = PBXFileReference; fileEncoding = 4; lastKnownFileType = sourcecode.c.objc; path = EnterDataViewController.m; sourceTree = "<group>"; };
		45C7DE4114C0802C00B47884 /* EnterDataViewController.xib */ = {isa = PBXFileReference; fileEncoding = 4; lastKnownFileType = file.xib; path = EnterDataViewController.xib; sourceTree = "<group>"; };
		45C7DE4514C08AD000B47884 /* SettingsViewController.h */ = {isa = PBXFileReference; fileEncoding = 4; lastKnownFileType = sourcecode.c.h; path = SettingsViewController.h; sourceTree = "<group>"; };
		45C7DE4614C08AD000B47884 /* SettingsViewController.m */ = {isa = PBXFileReference; fileEncoding = 4; lastKnownFileType = sourcecode.c.objc; path = SettingsViewController.m; sourceTree = "<group>"; };
		45C7DE4714C08AD000B47884 /* SettingsViewController.xib */ = {isa = PBXFileReference; fileEncoding = 4; lastKnownFileType = file.xib; path = SettingsViewController.xib; sourceTree = "<group>"; };
		45E7A0BB14C08CB7008985C5 /* HistoryViewController.h */ = {isa = PBXFileReference; fileEncoding = 4; lastKnownFileType = sourcecode.c.h; path = HistoryViewController.h; sourceTree = "<group>"; };
		45E7A0BC14C08CB7008985C5 /* HistoryViewController.m */ = {isa = PBXFileReference; fileEncoding = 4; lastKnownFileType = sourcecode.c.objc; path = HistoryViewController.m; sourceTree = "<group>"; };
		45E7A0BD14C08CB7008985C5 /* HistoryViewController.xib */ = {isa = PBXFileReference; fileEncoding = 4; lastKnownFileType = file.xib; path = HistoryViewController.xib; sourceTree = "<group>"; };
		45E7A0C014C08CD2008985C5 /* TotalsViewController.h */ = {isa = PBXFileReference; fileEncoding = 4; lastKnownFileType = sourcecode.c.h; path = TotalsViewController.h; sourceTree = "<group>"; };
		45E7A0C114C08CD2008985C5 /* TotalsViewController.m */ = {isa = PBXFileReference; fileEncoding = 4; lastKnownFileType = sourcecode.c.objc; path = TotalsViewController.m; sourceTree = "<group>"; };
		45E7A0C214C08CD2008985C5 /* TotalsViewController.xib */ = {isa = PBXFileReference; fileEncoding = 4; lastKnownFileType = file.xib; path = TotalsViewController.xib; sourceTree = "<group>"; };
		45E7A0C514C08CE1008985C5 /* HelpViewController.h */ = {isa = PBXFileReference; fileEncoding = 4; lastKnownFileType = sourcecode.c.h; path = HelpViewController.h; sourceTree = "<group>"; };
		45E7A0C614C08CE1008985C5 /* HelpViewController.m */ = {isa = PBXFileReference; fileEncoding = 4; lastKnownFileType = sourcecode.c.objc; path = HelpViewController.m; sourceTree = "<group>"; };
		45E7A0C714C08CE1008985C5 /* HelpViewController.xib */ = {isa = PBXFileReference; fileEncoding = 4; lastKnownFileType = file.xib; path = HelpViewController.xib; sourceTree = "<group>"; };
		45E7A1B414C0953D008985C5 /* icn_tabbaradd.png */ = {isa = PBXFileReference; lastKnownFileType = image.png; path = icn_tabbaradd.png; sourceTree = "<group>"; };
		45E7A1B514C0953D008985C5 /* icn_tabbarhelp.png */ = {isa = PBXFileReference; lastKnownFileType = image.png; path = icn_tabbarhelp.png; sourceTree = "<group>"; };
		45E7A1B614C0953D008985C5 /* icn_tabbarhistory.png */ = {isa = PBXFileReference; lastKnownFileType = image.png; path = icn_tabbarhistory.png; sourceTree = "<group>"; };
		45E7A1B714C0953D008985C5 /* icn_tabbarsettings.png */ = {isa = PBXFileReference; lastKnownFileType = image.png; path = icn_tabbarsettings.png; sourceTree = "<group>"; };
		45E7A1B814C0953D008985C5 /* icn_tabbartotals.png */ = {isa = PBXFileReference; lastKnownFileType = image.png; path = icn_tabbartotals.png; sourceTree = "<group>"; };
		45E7A28514C09695008985C5 /* PersonObject.h */ = {isa = PBXFileReference; fileEncoding = 4; lastKnownFileType = sourcecode.c.h; path = PersonObject.h; sourceTree = "<group>"; };
		45E7A28614C09696008985C5 /* PersonObject.m */ = {isa = PBXFileReference; fileEncoding = 4; lastKnownFileType = sourcecode.c.objc; path = PersonObject.m; sourceTree = "<group>"; };
		45E7A28814C0996F008985C5 /* NewPersonViewController.h */ = {isa = PBXFileReference; fileEncoding = 4; lastKnownFileType = sourcecode.c.h; path = NewPersonViewController.h; sourceTree = "<group>"; };
		45E7A28914C0996F008985C5 /* NewPersonViewController.m */ = {isa = PBXFileReference; fileEncoding = 4; lastKnownFileType = sourcecode.c.objc; path = NewPersonViewController.m; sourceTree = "<group>"; };
		45E7A28A14C0996F008985C5 /* NewPersonViewController.xib */ = {isa = PBXFileReference; fileEncoding = 4; lastKnownFileType = file.xib; path = NewPersonViewController.xib; sourceTree = "<group>"; };
/* End PBXFileReference section */

/* Begin PBXFrameworksBuildPhase section */
		45804C8314C07FAF005D911D /* Frameworks */ = {
			isa = PBXFrameworksBuildPhase;
			buildActionMask = 2147483647;
			files = (
				45804C8B14C07FAF005D911D /* UIKit.framework in Frameworks */,
				45804C8D14C07FAF005D911D /* Foundation.framework in Frameworks */,
				45804C8F14C07FAF005D911D /* CoreGraphics.framework in Frameworks */,
			);
			runOnlyForDeploymentPostprocessing = 0;
		};
/* End PBXFrameworksBuildPhase section */

/* Begin PBXGroup section */
		45804C7B14C07FAF005D911D = {
			isa = PBXGroup;
			children = (
				45804C9014C07FAF005D911D /* Money Travels */,
				45E7A0EA14C0953D008985C5 /* Resources */,
				45804C8914C07FAF005D911D /* Frameworks */,
				45804C8714C07FAF005D911D /* Products */,
			);
			sourceTree = "<group>";
		};
		45804C8714C07FAF005D911D /* Products */ = {
			isa = PBXGroup;
			children = (
				45804C8614C07FAF005D911D /* Money Travels.app */,
			);
			name = Products;
			sourceTree = "<group>";
		};
		45804C8914C07FAF005D911D /* Frameworks */ = {
			isa = PBXGroup;
			children = (
				45804C8A14C07FAF005D911D /* UIKit.framework */,
				45804C8C14C07FAF005D911D /* Foundation.framework */,
				45804C8E14C07FAF005D911D /* CoreGraphics.framework */,
			);
			name = Frameworks;
			sourceTree = "<group>";
		};
		45804C9014C07FAF005D911D /* Money Travels */ = {
			isa = PBXGroup;
			children = (
				45804C9914C07FAF005D911D /* AppDelegate.h */,
				45804C9A14C07FAF005D911D /* AppDelegate.m */,
				45804C9114C07FAF005D911D /* Supporting Files */,
				45C7DE3F14C0802C00B47884 /* EnterDataViewController.h */,
				45C7DE4014C0802C00B47884 /* EnterDataViewController.m */,
				45C7DE4114C0802C00B47884 /* EnterDataViewController.xib */,
				45E7A0BB14C08CB7008985C5 /* HistoryViewController.h */,
				45E7A0BC14C08CB7008985C5 /* HistoryViewController.m */,
				45E7A0BD14C08CB7008985C5 /* HistoryViewController.xib */,
				45E7A0C014C08CD2008985C5 /* TotalsViewController.h */,
				45E7A0C114C08CD2008985C5 /* TotalsViewController.m */,
				45E7A0C214C08CD2008985C5 /* TotalsViewController.xib */,
				45C7DE4514C08AD000B47884 /* SettingsViewController.h */,
				45C7DE4614C08AD000B47884 /* SettingsViewController.m */,
				45C7DE4714C08AD000B47884 /* SettingsViewController.xib */,
				45E7A0C514C08CE1008985C5 /* HelpViewController.h */,
				45E7A0C614C08CE1008985C5 /* HelpViewController.m */,
				45E7A0C714C08CE1008985C5 /* HelpViewController.xib */,
				45E7A28514C09695008985C5 /* PersonObject.h */,
				45E7A28614C09696008985C5 /* PersonObject.m */,
				45E7A28814C0996F008985C5 /* NewPersonViewController.h */,
				45E7A28914C0996F008985C5 /* NewPersonViewController.m */,
				45E7A28A14C0996F008985C5 /* NewPersonViewController.xib */,
				456BD5A514C0AAE800E11001 /* PaymentObject.h */,
				456BD5A614C0AAE800E11001 /* PaymentObject.m */,
			);
			path = "Money Travels";
			sourceTree = "<group>";
		};
		45804C9114C07FAF005D911D /* Supporting Files */ = {
			isa = PBXGroup;
			children = (
				45804C9214C07FAF005D911D /* Money Travels-Info.plist */,
				45804C9314C07FAF005D911D /* InfoPlist.strings */,
				45804C9614C07FAF005D911D /* main.m */,
				45804C9814C07FAF005D911D /* Money Travels-Prefix.pch */,
			);
			name = "Supporting Files";
			sourceTree = "<group>";
		};
		45E7A0EA14C0953D008985C5 /* Resources */ = {
			isa = PBXGroup;
			children = (
				45E7A1B414C0953D008985C5 /* icn_tabbaradd.png */,
				45E7A1B514C0953D008985C5 /* icn_tabbarhelp.png */,
				45E7A1B614C0953D008985C5 /* icn_tabbarhistory.png */,
				45E7A1B714C0953D008985C5 /* icn_tabbarsettings.png */,
				45E7A1B814C0953D008985C5 /* icn_tabbartotals.png */,
			);
			name = Resources;
			path = "Money Travels/Resources";
			sourceTree = "<group>";
		};
/* End PBXGroup section */

/* Begin PBXNativeTarget section */
		45804C8514C07FAF005D911D /* Money Travels */ = {
			isa = PBXNativeTarget;
			buildConfigurationList = 45804C9E14C07FAF005D911D /* Build configuration list for PBXNativeTarget "Money Travels" */;
			buildPhases = (
				45804C8214C07FAF005D911D /* Sources */,
				45804C8314C07FAF005D911D /* Frameworks */,
				45804C8414C07FAF005D911D /* Resources */,
			);
			buildRules = (
			);
			dependencies = (
			);
			name = "Money Travels";
			productName = "Money Travels";
			productReference = 45804C8614C07FAF005D911D /* Money Travels.app */;
			productType = "com.apple.product-type.application";
		};
/* End PBXNativeTarget section */

/* Begin PBXProject section */
		45804C7D14C07FAF005D911D /* Project object */ = {
			isa = PBXProject;
			attributes = {
				LastUpgradeCheck = 0420;
				ORGANIZATIONNAME = "Brown University";
			};
			buildConfigurationList = 45804C8014C07FAF005D911D /* Build configuration list for PBXProject "Money Travels" */;
			compatibilityVersion = "Xcode 3.2";
			developmentRegion = English;
			hasScannedForEncodings = 0;
			knownRegions = (
				en,
			);
			mainGroup = 45804C7B14C07FAF005D911D;
			productRefGroup = 45804C8714C07FAF005D911D /* Products */;
			projectDirPath = "";
			projectRoot = "";
			targets = (
				45804C8514C07FAF005D911D /* Money Travels */,
			);
		};
/* End PBXProject section */

/* Begin PBXResourcesBuildPhase section */
		45804C8414C07FAF005D911D /* Resources */ = {
			isa = PBXResourcesBuildPhase;
			buildActionMask = 2147483647;
			files = (
				45804C9514C07FAF005D911D /* InfoPlist.strings in Resources */,
				45C7DE4314C0802C00B47884 /* EnterDataViewController.xib in Resources */,
				45C7DE4914C08AD000B47884 /* SettingsViewController.xib in Resources */,
				45E7A0BF14C08CB7008985C5 /* HistoryViewController.xib in Resources */,
				45E7A0C414C08CD2008985C5 /* TotalsViewController.xib in Resources */,
				45E7A0C914C08CE1008985C5 /* HelpViewController.xib in Resources */,
				45E7A28014C0953D008985C5 /* icn_tabbaradd.png in Resources */,
				45E7A28114C0953D008985C5 /* icn_tabbarhelp.png in Resources */,
				45E7A28214C0953D008985C5 /* icn_tabbarhistory.png in Resources */,
				45E7A28314C0953D008985C5 /* icn_tabbarsettings.png in Resources */,
				45E7A28414C0953D008985C5 /* icn_tabbartotals.png in Resources */,
				45E7A28C14C09970008985C5 /* NewPersonViewController.xib in Resources */,
			);
			runOnlyForDeploymentPostprocessing = 0;
		};
/* End PBXResourcesBuildPhase section */

/* Begin PBXSourcesBuildPhase section */
		45804C8214C07FAF005D911D /* Sources */ = {
			isa = PBXSourcesBuildPhase;
			buildActionMask = 2147483647;
			files = (
				45804C9714C07FAF005D911D /* main.m in Sources */,
				45804C9B14C07FAF005D911D /* AppDelegate.m in Sources */,
				45C7DE4214C0802C00B47884 /* EnterDataViewController.m in Sources */,
				45C7DE4814C08AD000B47884 /* SettingsViewController.m in Sources */,
				45E7A0BE14C08CB7008985C5 /* HistoryViewController.m in Sources */,
				45E7A0C314C08CD2008985C5 /* TotalsViewController.m in Sources */,
				45E7A0C814C08CE1008985C5 /* HelpViewController.m in Sources */,
				45E7A28714C09696008985C5 /* PersonObject.m in Sources */,
				45E7A28B14C09970008985C5 /* NewPersonViewController.m in Sources */,
				456BD5A714C0AAE800E11001 /* PaymentObject.m in Sources */,
			);
			runOnlyForDeploymentPostprocessing = 0;
		};
/* End PBXSourcesBuildPhase section */

/* Begin PBXVariantGroup section */
		45804C9314C07FAF005D911D /* InfoPlist.strings */ = {
			isa = PBXVariantGroup;
			children = (
				45804C9414C07FAF005D911D /* en */,
			);
			name = InfoPlist.strings;
			sourceTree = "<group>";
		};
/* End PBXVariantGroup section */

/* Begin XCBuildConfiguration section */
		45804C9C14C07FAF005D911D /* Debug */ = {
			isa = XCBuildConfiguration;
			buildSettings = {
				ALWAYS_SEARCH_USER_PATHS = NO;
				ARCHS = "$(ARCHS_STANDARD_32_BIT)";
				"CODE_SIGN_IDENTITY[sdk=iphoneos*]" = "iPhone Developer";
				COPY_PHASE_STRIP = NO;
				GCC_C_LANGUAGE_STANDARD = gnu99;
				GCC_DYNAMIC_NO_PIC = NO;
				GCC_OPTIMIZATION_LEVEL = 0;
				GCC_PREPROCESSOR_DEFINITIONS = (
					"DEBUG=1",
					"$(inherited)",
				);
				GCC_SYMBOLS_PRIVATE_EXTERN = NO;
				GCC_VERSION = com.apple.compilers.llvm.clang.1_0;
				GCC_WARN_ABOUT_MISSING_PROTOTYPES = YES;
				GCC_WARN_ABOUT_RETURN_TYPE = YES;
				GCC_WARN_UNUSED_VARIABLE = YES;
				IPHONEOS_DEPLOYMENT_TARGET = 5.0;
				SDKROOT = iphoneos;
			};
			name = Debug;
		};
		45804C9D14C07FAF005D911D /* Release */ = {
			isa = XCBuildConfiguration;
			buildSettings = {
				ALWAYS_SEARCH_USER_PATHS = NO;
				ARCHS = "$(ARCHS_STANDARD_32_BIT)";
				"CODE_SIGN_IDENTITY[sdk=iphoneos*]" = "iPhone Developer";
				COPY_PHASE_STRIP = YES;
				GCC_C_LANGUAGE_STANDARD = gnu99;
				GCC_VERSION = com.apple.compilers.llvm.clang.1_0;
				GCC_WARN_ABOUT_MISSING_PROTOTYPES = YES;
				GCC_WARN_ABOUT_RETURN_TYPE = YES;
				GCC_WARN_UNUSED_VARIABLE = YES;
				IPHONEOS_DEPLOYMENT_TARGET = 5.0;
				OTHER_CFLAGS = "-DNS_BLOCK_ASSERTIONS=1";
				SDKROOT = iphoneos;
				VALIDATE_PRODUCT = YES;
			};
			name = Release;
		};
		45804C9F14C07FAF005D911D /* Debug */ = {
			isa = XCBuildConfiguration;
			buildSettings = {
				GCC_PRECOMPILE_PREFIX_HEADER = YES;
				GCC_PREFIX_HEADER = "Money Travels/Money Travels-Prefix.pch";
				INFOPLIST_FILE = "Money Travels/Money Travels-Info.plist";
				PRODUCT_NAME = "$(TARGET_NAME)";
				WRAPPER_EXTENSION = app;
			};
			name = Debug;
		};
		45804CA014C07FAF005D911D /* Release */ = {
			isa = XCBuildConfiguration;
			buildSettings = {
				GCC_PRECOMPILE_PREFIX_HEADER = YES;
				GCC_PREFIX_HEADER = "Money Travels/Money Travels-Prefix.pch";
				INFOPLIST_FILE = "Money Travels/Money Travels-Info.plist";
				PRODUCT_NAME = "$(TARGET_NAME)";
				WRAPPER_EXTENSION = app;
			};
			name = Release;
		};
/* End XCBuildConfiguration section */

/* Begin XCConfigurationList section */
		45804C8014C07FAF005D911D /* Build configuration list for PBXProject "Money Travels" */ = {
			isa = XCConfigurationList;
			buildConfigurations = (
				45804C9C14C07FAF005D911D /* Debug */,
				45804C9D14C07FAF005D911D /* Release */,
			);
			defaultConfigurationIsVisible = 0;
			defaultConfigurationName = Release;
		};
		45804C9E14C07FAF005D911D /* Build configuration list for PBXNativeTarget "Money Travels" */ = {
			isa = XCConfigurationList;
			buildConfigurations = (
				45804C9F14C07FAF005D911D /* Debug */,
				45804CA014C07FAF005D911D /* Release */,
			);
			defaultConfigurationIsVisible = 0;
			defaultConfigurationName = Release;
		};
/* End XCConfigurationList section */
	};
	rootObject = 45804C7D14C07FAF005D911D /* Project object */;
}
